
Microsoft Visual Studio Solution File, Format Version 12.00
# Visual Studio Version 17
VisualStudioVersion = 17.11.35312.102
MinimumVisualStudioVersion = 10.0.40219.1
Project("{FAE04EC0-301F-11D3-BF4B-00C04F79EFBC}") = "UnoApp2", "UnoApp2\UnoApp2.csproj", "{19F35BC3-4A92-4813-A055-C038D2C2183B}"
EndProject
Project("{FAE04EC0-301F-11D3-BF4B-00C04F79EFBC}") = "UnoApp2.MauiControls", "UnoApp2.MauiControls\UnoApp2.MauiControls.csproj", "{5B9A500E-F30E-4A80-A23B-40151B6C00F0}"
EndProject
Project("{2150E333-8FDC-42A3-9474-1A3956D46DE8}") = "Solution Items", "Solution Items", "{3F301424-E88C-44DA-9B10-A2CF291F78EA}"
	ProjectSection(SolutionItems) = preProject
		.gitignore = .gitignore
		Directory.Build.props = Directory.Build.props
		Directory.Build.targets = Directory.Build.targets
		Directory.Packages.props = Directory.Packages.props
		global.json = global.json
	EndProjectSection
EndProject
Global
	GlobalSection(SolutionConfigurationPlatforms) = preSolution
		Debug|Any CPU = Debug|Any CPU
		Release|Any CPU = Release|Any CPU
	EndGlobalSection
	GlobalSection(ProjectConfigurationPlatforms) = postSolution
		{19F35BC3-4A92-4813-A055-C038D2C2183B}.Debug|Any CPU.ActiveCfg = Debug|Any CPU
		{19F35BC3-4A92-4813-A055-C038D2C2183B}.Debug|Any CPU.Build.0 = Debug|Any CPU
		{19F35BC3-4A92-4813-A055-C038D2C2183B}.Debug|Any CPU.Deploy.0 = Debug|Any CPU
		{19F35BC3-4A92-4813-A055-C038D2C2183B}.Release|Any CPU.ActiveCfg = Release|Any CPU
		{19F35BC3-4A92-4813-A055-C038D2C2183B}.Release|Any CPU.Build.0 = Release|Any CPU
		{19F35BC3-4A92-4813-A055-C038D2C2183B}.Release|Any CPU.Deploy.0 = Release|Any CPU
		{5B9A500E-F30E-4A80-A23B-40151B6C00F0}.Debug|Any CPU.ActiveCfg = Debug|Any CPU
		{5B9A500E-F30E-4A80-A23B-40151B6C00F0}.Debug|Any CPU.Build.0 = Debug|Any CPU
		{5B9A500E-F30E-4A80-A23B-40151B6C00F0}.Debug|Any CPU.Deploy.0 = Debug|Any CPU
		{5B9A500E-F30E-4A80-A23B-40151B6C00F0}.Release|Any CPU.ActiveCfg = Release|Any CPU
		{5B9A500E-F30E-4A80-A23B-40151B6C00F0}.Release|Any CPU.Build.0 = Release|Any CPU
		{5B9A500E-F30E-4A80-A23B-40151B6C00F0}.Release|Any CPU.Deploy.0 = Release|Any CPU
	EndGlobalSection
	GlobalSection(SolutionProperties) = preSolution
		HideSolutionNode = FALSE
	EndGlobalSection
	GlobalSection(ExtensibilityGlobals) = postSolution
		SolutionGuid = {FB744455-86EF-4DDD-A3BE-1EDD177E16A3}
	EndGlobalSection
EndGlobal
